<Solution>
  <Folder Name="/Itens de Solução/">
    <File Path=".gitignore" />
    <File Path="docker-compose.yml" />
    <File Path="README.MD" />
  </Folder>
  <Folder Name="/src/">
    <Project Path="src/InventoryManagement.API/InventoryManagement.API.csproj" />
  </Folder>
  <Folder Name="/tests/">
    <Project Path="tests/InventoryManagement.Tests/InventoryManagement.Tests.csproj" Id="20e1c787-9949-4abf-80b2-5a3e3d0ead7d" />
  </Folder>
</Solution>
